{
  "nodes": {
    "nixpkgs": {
      "locked": {
        "lastModified": 1788309697,
        "narHash": "sha256-f9Ixx6NY4q7GMc0t9nhz/BC3WSfC8ihueT1p5D8V2e8=",
        "owner": "NixOS",
        "repo": "nixpkgs",
        "rev": "820d011531b137b9e51e1ff117fa62f3789a0123",
        "type": "github"
      },
      "original": {
        "owner": "NixOS",
        "repo": "nixpkgs",
        "type": "github"
      }
    },
    "root": {
      "inputs": {
        "nixpkgs": "nixpkgs"
      }
    }
  },
  "root": "root",
  "version": 7
}
